
Microsoft Visual Studio Solution File, Format Version 12.00
# Visual Studio Version 16
VisualStudioVersion = 16.0.31911.196
MinimumVisualStudioVersion = 10.0.40219.1
Project("{FAE04EC0-301F-11D3-BF4B-00C04F79EFBC}") = "WebApp3", "WebApp3\WebApp3.csproj", "{FE59436F-E26C-4323-9C71-28A8AB7E8C70}"
EndProject
Global
	GlobalSection(SolutionConfigurationPlatforms) = preSolution
		Debug|Any CPU = Debug|Any CPU
		Release|Any CPU = Release|Any CPU
	EndGlobalSection
	GlobalSection(ProjectConfigurationPlatforms) = postSolution
		{FE59436F-E26C-4323-9C71-28A8AB7E8C70}.Debug|Any CPU.ActiveCfg = Debug|Any CPU
		{FE59436F-E26C-4323-9C71-28A8AB7E8C70}.Debug|Any CPU.Build.0 = Debug|Any CPU
		{FE59436F-E26C-4323-9C71-28A8AB7E8C70}.Release|Any CPU.ActiveCfg = Release|Any CPU
		{FE59436F-E26C-4323-9C71-28A8AB7E8C70}.Release|Any CPU.Build.0 = Release|Any CPU
	EndGlobalSection
	GlobalSection(SolutionProperties) = preSolution
		HideSolutionNode = FALSE
	EndGlobalSection
	GlobalSection(ExtensibilityGlobals) = postSolution
		SolutionGuid = {BB85F18F-E734-4C77-BAEF-26E55777EBFF}
	EndGlobalSection
EndGlobal
